
Microsoft Visual Studio Solution File, Format Version 12.00
# Visual Studio Version 17
VisualStudioVersion = 17.8.34330.188
MinimumVisualStudioVersion = 10.0.40219.1
Project("{9A19103F-16F7-4668-BE54-9A1E7A4F7556}") = "CoreCV", "CoreCV\CoreCV.csproj", "{599FD066-1C23-4E12-BEFE-CE77D9F1CA5D}"
EndProject
Project("{9A19103F-16F7-4668-BE54-9A1E7A4F7556}") = "EntityLayer", "EntityLayer\EntityLayer.csproj", "{F7B8E998-C627-4C0C-93CB-E87B9BE23429}"
EndProject
Project("{9A19103F-16F7-4668-BE54-9A1E7A4F7556}") = "DataAccessLayer", "DataAccessLayer\DataAccessLayer.csproj", "{46B02406-CB65-4314-9B3D-F965F88BEA58}"
EndProject
Project("{9A19103F-16F7-4668-BE54-9A1E7A4F7556}") = "BusinessLayer", "BusinessLayer\BusinessLayer.csproj", "{83A4EDB1-F3CF-478C-A7F6-2DF6F3F17D5D}"
EndProject
Project("{FAE04EC0-301F-11D3-BF4B-00C04F79EFBC}") = "CoreProjeAPI", "CoreProjeAPI\CoreProjeAPI.csproj", "{547DDF86-421E-4596-B8C9-5EE0F19AB49F}"
EndProject
Global
	GlobalSection(SolutionConfigurationPlatforms) = preSolution
		Debug|Any CPU = Debug|Any CPU
		Release|Any CPU = Release|Any CPU
	EndGlobalSection
	GlobalSection(ProjectConfigurationPlatforms) = postSolution
		{599FD066-1C23-4E12-BEFE-CE77D9F1CA5D}.Debug|Any CPU.ActiveCfg = Debug|Any CPU
		{599FD066-1C23-4E12-BEFE-CE77D9F1CA5D}.Debug|Any CPU.Build.0 = Debug|Any CPU
		{599FD066-1C23-4E12-BEFE-CE77D9F1CA5D}.Release|Any CPU.ActiveCfg = Release|Any CPU
		{599FD066-1C23-4E12-BEFE-CE77D9F1CA5D}.Release|Any CPU.Build.0 = Release|Any CPU
		{F7B8E998-C627-4C0C-93CB-E87B9BE23429}.Debug|Any CPU.ActiveCfg = Debug|Any CPU
		{F7B8E998-C627-4C0C-93CB-E87B9BE23429}.Debug|Any CPU.Build.0 = Debug|Any CPU
		{F7B8E998-C627-4C0C-93CB-E87B9BE23429}.Release|Any CPU.ActiveCfg = Release|Any CPU
		{F7B8E998-C627-4C0C-93CB-E87B9BE23429}.Release|Any CPU.Build.0 = Release|Any CPU
		{46B02406-CB65-4314-9B3D-F965F88BEA58}.Debug|Any CPU.ActiveCfg = Debug|Any CPU
		{46B02406-CB65-4314-9B3D-F965F88BEA58}.Debug|Any CPU.Build.0 = Debug|Any CPU
		{46B02406-CB65-4314-9B3D-F965F88BEA58}.Release|Any CPU.ActiveCfg = Release|Any CPU
		{46B02406-CB65-4314-9B3D-F965F88BEA58}.Release|Any CPU.Build.0 = Release|Any CPU
		{83A4EDB1-F3CF-478C-A7F6-2DF6F3F17D5D}.Debug|Any CPU.ActiveCfg = Debug|Any CPU
		{83A4EDB1-F3CF-478C-A7F6-2DF6F3F17D5D}.Debug|Any CPU.Build.0 = Debug|Any CPU
		{83A4EDB1-F3CF-478C-A7F6-2DF6F3F17D5D}.Release|Any CPU.ActiveCfg = Release|Any CPU
		{83A4EDB1-F3CF-478C-A7F6-2DF6F3F17D5D}.Release|Any CPU.Build.0 = Release|Any CPU
		{547DDF86-421E-4596-B8C9-5EE0F19AB49F}.Debug|Any CPU.ActiveCfg = Debug|Any CPU
		{547DDF86-421E-4596-B8C9-5EE0F19AB49F}.Debug|Any CPU.Build.0 = Debug|Any CPU
		{547DDF86-421E-4596-B8C9-5EE0F19AB49F}.Release|Any CPU.ActiveCfg = Release|Any CPU
		{547DDF86-421E-4596-B8C9-5EE0F19AB49F}.Release|Any CPU.Build.0 = Release|Any CPU
	EndGlobalSection
	GlobalSection(SolutionProperties) = preSolution
		HideSolutionNode = FALSE
	EndGlobalSection
	GlobalSection(ExtensibilityGlobals) = postSolution
		SolutionGuid = {E997A9DD-1B7F-4462-8A77-42CE43FC1380}
	EndGlobalSection
EndGlobal
